
Microsoft Visual Studio Solution File, Format Version 12.00
# Visual Studio 15
VisualStudioVersion = 15.0.26430.12
MinimumVisualStudioVersion = 10.0.40219.1
Project("{FAE04EC0-301F-11D3-BF4B-00C04F79EFBC}") = "HelloBot", "HelloBot\HelloBot.csproj", "{2E3B95C7-9692-41CE-82C1-B52C3BDC7A67}"
EndProject
Project("{FAE04EC0-301F-11D3-BF4B-00C04F79EFBC}") = "BotGear", "..\..\BotGear\BotGear.csproj", "{003CEE66-D4ED-4970-A6BD-27E4B4411520}"
EndProject
Project("{FAE04EC0-301F-11D3-BF4B-00C04F79EFBC}") = "HelloBotCore", "HelloBotCore\HelloBotCore.csproj", "{8D8FFB2B-922C-4730-9A60-F4443058493A}"
EndProject
Global
	GlobalSection(SolutionConfigurationPlatforms) = preSolution
		Debug|Any CPU = Debug|Any CPU
		Release|Any CPU = Release|Any CPU
	EndGlobalSection
	GlobalSection(ProjectConfigurationPlatforms) = postSolution
		{2E3B95C7-9692-41CE-82C1-B52C3BDC7A67}.Debug|Any CPU.ActiveCfg = Debug|Any CPU
		{2E3B95C7-9692-41CE-82C1-B52C3BDC7A67}.Debug|Any CPU.Build.0 = Debug|Any CPU
		{2E3B95C7-9692-41CE-82C1-B52C3BDC7A67}.Release|Any CPU.ActiveCfg = Release|Any CPU
		{2E3B95C7-9692-41CE-82C1-B52C3BDC7A67}.Release|Any CPU.Build.0 = Release|Any CPU
		{003CEE66-D4ED-4970-A6BD-27E4B4411520}.Debug|Any CPU.ActiveCfg = Debug|Any CPU
		{003CEE66-D4ED-4970-A6BD-27E4B4411520}.Debug|Any CPU.Build.0 = Debug|Any CPU
		{003CEE66-D4ED-4970-A6BD-27E4B4411520}.Release|Any CPU.ActiveCfg = Release|Any CPU
		{003CEE66-D4ED-4970-A6BD-27E4B4411520}.Release|Any CPU.Build.0 = Release|Any CPU
		{8D8FFB2B-922C-4730-9A60-F4443058493A}.Debug|Any CPU.ActiveCfg = Debug|Any CPU
		{8D8FFB2B-922C-4730-9A60-F4443058493A}.Debug|Any CPU.Build.0 = Debug|Any CPU
		{8D8FFB2B-922C-4730-9A60-F4443058493A}.Release|Any CPU.ActiveCfg = Release|Any CPU
		{8D8FFB2B-922C-4730-9A60-F4443058493A}.Release|Any CPU.Build.0 = Release|Any CPU
	EndGlobalSection
	GlobalSection(SolutionProperties) = preSolution
		HideSolutionNode = FALSE
	EndGlobalSection
EndGlobal
